
Microsoft Visual Studio Solution File, Format Version 12.00
# Visual Studio Version 16
VisualStudioVersion = 16.0.29418.71
MinimumVisualStudioVersion = 10.0.40219.1
Project("{FAE04EC0-301F-11D3-BF4B-00C04F79EFBC}") = "Angular.Web", "Angular.Web\Angular.Web.csproj", "{DD7380F0-A22B-4D94-988D-83EA49AAFF7E}"
EndProject
Global
	GlobalSection(SolutionConfigurationPlatforms) = preSolution
		Debug|Any CPU = Debug|Any CPU
		Release|Any CPU = Release|Any CPU
	EndGlobalSection
	GlobalSection(ProjectConfigurationPlatforms) = postSolution
		{DD7380F0-A22B-4D94-988D-83EA49AAFF7E}.Debug|Any CPU.ActiveCfg = Debug|Any CPU
		{DD7380F0-A22B-4D94-988D-83EA49AAFF7E}.Debug|Any CPU.Build.0 = Debug|Any CPU
		{DD7380F0-A22B-4D94-988D-83EA49AAFF7E}.Release|Any CPU.ActiveCfg = Release|Any CPU
		{DD7380F0-A22B-4D94-988D-83EA49AAFF7E}.Release|Any CPU.Build.0 = Release|Any CPU
	EndGlobalSection
	GlobalSection(SolutionProperties) = preSolution
		HideSolutionNode = FALSE
	EndGlobalSection
	GlobalSection(ExtensibilityGlobals) = postSolution
		SolutionGuid = {064E17E0-F5B1-4F06-A481-3F69DAC6779E}
	EndGlobalSection
EndGlobal
