
Microsoft Visual Studio Solution File, Format Version 12.00
# Visual Studio Version 16
VisualStudioVersion = 16.0.29418.71
MinimumVisualStudioVersion = 10.0.40219.1
Project("{FAE04EC0-301F-11D3-BF4B-00C04F79EFBC}") = "Angular.Web", "Angular.Web\Angular.Web.csproj", "{DD7380F0-A22B-4D94-988D-83EA49AAFF7E}"
EndProject
Project("{FAE04EC0-301F-11D3-BF4B-00C04F79EFBC}") = "Services.Api.Empty", "Services.Api\Services.Api.Empty.csproj", "{9D9C230B-90EE-4772-905D-2170B8F82154}"
EndProject
Project("{FAE04EC0-301F-11D3-BF4B-00C04F79EFBC}") = "WpfApp", "WpfApp\WpfApp.csproj", "{280F181A-7151-4510-B580-745B392F64DB}"
EndProject
Project("{FAE04EC0-301F-11D3-BF4B-00C04F79EFBC}") = "Services.Api.Mvc", "Services.Api.Mvc\Services.Api.Mvc.csproj", "{96135645-1753-4ED1-BDC6-B87A35FAEA60}"
EndProject
Project("{9A19103F-16F7-4668-BE54-9A1E7A4F7556}") = "Services.Api.Mvc.Core", "Services.Api.Mvc.Core\Services.Api.Mvc.Core.csproj", "{99BC1C0D-5BB4-4816-B4AA-52E4456741D7}"
EndProject
Global
	GlobalSection(SolutionConfigurationPlatforms) = preSolution
		Debug|Any CPU = Debug|Any CPU
		Release|Any CPU = Release|Any CPU
	EndGlobalSection
	GlobalSection(ProjectConfigurationPlatforms) = postSolution
		{DD7380F0-A22B-4D94-988D-83EA49AAFF7E}.Debug|Any CPU.ActiveCfg = Debug|Any CPU
		{DD7380F0-A22B-4D94-988D-83EA49AAFF7E}.Debug|Any CPU.Build.0 = Debug|Any CPU
		{DD7380F0-A22B-4D94-988D-83EA49AAFF7E}.Release|Any CPU.ActiveCfg = Release|Any CPU
		{DD7380F0-A22B-4D94-988D-83EA49AAFF7E}.Release|Any CPU.Build.0 = Release|Any CPU
		{9D9C230B-90EE-4772-905D-2170B8F82154}.Debug|Any CPU.ActiveCfg = Debug|Any CPU
		{9D9C230B-90EE-4772-905D-2170B8F82154}.Debug|Any CPU.Build.0 = Debug|Any CPU
		{9D9C230B-90EE-4772-905D-2170B8F82154}.Release|Any CPU.ActiveCfg = Release|Any CPU
		{9D9C230B-90EE-4772-905D-2170B8F82154}.Release|Any CPU.Build.0 = Release|Any CPU
		{280F181A-7151-4510-B580-745B392F64DB}.Debug|Any CPU.ActiveCfg = Debug|Any CPU
		{280F181A-7151-4510-B580-745B392F64DB}.Debug|Any CPU.Build.0 = Debug|Any CPU
		{280F181A-7151-4510-B580-745B392F64DB}.Release|Any CPU.ActiveCfg = Release|Any CPU
		{280F181A-7151-4510-B580-745B392F64DB}.Release|Any CPU.Build.0 = Release|Any CPU
		{96135645-1753-4ED1-BDC6-B87A35FAEA60}.Debug|Any CPU.ActiveCfg = Debug|Any CPU
		{96135645-1753-4ED1-BDC6-B87A35FAEA60}.Debug|Any CPU.Build.0 = Debug|Any CPU
		{96135645-1753-4ED1-BDC6-B87A35FAEA60}.Release|Any CPU.ActiveCfg = Release|Any CPU
		{96135645-1753-4ED1-BDC6-B87A35FAEA60}.Release|Any CPU.Build.0 = Release|Any CPU
		{99BC1C0D-5BB4-4816-B4AA-52E4456741D7}.Debug|Any CPU.ActiveCfg = Debug|Any CPU
		{99BC1C0D-5BB4-4816-B4AA-52E4456741D7}.Debug|Any CPU.Build.0 = Debug|Any CPU
		{99BC1C0D-5BB4-4816-B4AA-52E4456741D7}.Release|Any CPU.ActiveCfg = Release|Any CPU
		{99BC1C0D-5BB4-4816-B4AA-52E4456741D7}.Release|Any CPU.Build.0 = Release|Any CPU
	EndGlobalSection
	GlobalSection(SolutionProperties) = preSolution
		HideSolutionNode = FALSE
	EndGlobalSection
	GlobalSection(ExtensibilityGlobals) = postSolution
		SolutionGuid = {064E17E0-F5B1-4F06-A481-3F69DAC6779E}
	EndGlobalSection
EndGlobal
